
Microsoft Visual Studio Solution File, Format Version 12.00
Project("{FAE04EC0-301F-11D3-BF4B-00C04F79EFBC}") = "XUnit.MatrixTests", "XUnit.MatrixTests\XUnit.MatrixTests.csproj", "{675DAB95-007E-4DAF-A81A-A558BD7B5178}"
EndProject
Project("{FAE04EC0-301F-11D3-BF4B-00C04F79EFBC}") = "Weasel", "Weasel\Weasel.csproj", "{C82B7553-1C45-4CED-A485-659856773698}"
EndProject
Global
	GlobalSection(SolutionConfigurationPlatforms) = preSolution
		Debug|Any CPU = Debug|Any CPU
		Release|Any CPU = Release|Any CPU
	EndGlobalSection
	GlobalSection(ProjectConfigurationPlatforms) = postSolution
		{675DAB95-007E-4DAF-A81A-A558BD7B5178}.Debug|Any CPU.ActiveCfg = Debug|Any CPU
		{675DAB95-007E-4DAF-A81A-A558BD7B5178}.Debug|Any CPU.Build.0 = Debug|Any CPU
		{675DAB95-007E-4DAF-A81A-A558BD7B5178}.Release|Any CPU.ActiveCfg = Release|Any CPU
		{675DAB95-007E-4DAF-A81A-A558BD7B5178}.Release|Any CPU.Build.0 = Release|Any CPU
		{C82B7553-1C45-4CED-A485-659856773698}.Debug|Any CPU.ActiveCfg = Debug|Any CPU
		{C82B7553-1C45-4CED-A485-659856773698}.Debug|Any CPU.Build.0 = Debug|Any CPU
		{C82B7553-1C45-4CED-A485-659856773698}.Release|Any CPU.ActiveCfg = Release|Any CPU
		{C82B7553-1C45-4CED-A485-659856773698}.Release|Any CPU.Build.0 = Release|Any CPU
	EndGlobalSection
EndGlobal
